<Project xmlns="http://schemas.microsoft.com/developer/msbuild/2003">
    <PropertyGroup>
        <ProjectGuid>{EA531DB2-6C15-4E5E-93B1-7AA1776E0F35}</ProjectGuid>
        <MainSource>NeoLemmix.dpr</MainSource>
        <Base>True</Base>
        <Config Condition="'$(Config)'==''">Debug</Config>
        <TargetedPlatforms>1</TargetedPlatforms>
        <AppType>Application</AppType>
        <FrameworkType>VCL</FrameworkType>
        <ProjectVersion>15.4</ProjectVersion>
        <Platform Condition="'$(Platform)'==''">Win32</Platform>
    </PropertyGroup>
    <PropertyGroup Condition="'$(Config)'=='Base' or '$(Base)'!=''">
        <Base>true</Base>
    </PropertyGroup>
    <PropertyGroup Condition="('$(Platform)'=='Win32' and '$(Base)'=='true') or '$(Base_Win32)'!=''">
        <Base_Win32>true</Base_Win32>
        <CfgParent>Base</CfgParent>
        <Base>true</Base>
    </PropertyGroup>
    <PropertyGroup Condition="('$(Platform)'=='Win64' and '$(Base)'=='true') or '$(Base_Win64)'!=''">
        <Base_Win64>true</Base_Win64>
        <CfgParent>Base</CfgParent>
        <Base>true</Base>
    </PropertyGroup>
    <PropertyGroup Condition="'$(Config)'=='Release' or '$(Cfg_1)'!=''">
        <Cfg_1>true</Cfg_1>
        <CfgParent>Base</CfgParent>
        <Base>true</Base>
    </PropertyGroup>
    <PropertyGroup Condition="('$(Platform)'=='Win32' and '$(Cfg_1)'=='true') or '$(Cfg_1_Win32)'!=''">
        <Cfg_1_Win32>true</Cfg_1_Win32>
        <CfgParent>Cfg_1</CfgParent>
        <Cfg_1>true</Cfg_1>
        <Base>true</Base>
    </PropertyGroup>
    <PropertyGroup Condition="'$(Config)'=='Experimental Release' or '$(Cfg_5)'!=''">
        <Cfg_5>true</Cfg_5>
        <CfgParent>Cfg_1</CfgParent>
        <Cfg_1>true</Cfg_1>
        <Base>true</Base>
    </PropertyGroup>
    <PropertyGroup Condition="('$(Platform)'=='Win32' and '$(Cfg_5)'=='true') or '$(Cfg_5_Win32)'!=''">
        <Cfg_5_Win32>true</Cfg_5_Win32>
        <CfgParent>Cfg_5</CfgParent>
        <Cfg_5>true</Cfg_5>
        <Cfg_1>true</Cfg_1>
        <Base>true</Base>
    </PropertyGroup>
    <PropertyGroup Condition="'$(Config)'=='Exp Release Without Data' or '$(Cfg_3)'!=''">
        <Cfg_3>true</Cfg_3>
        <CfgParent>Cfg_5</CfgParent>
        <Cfg_5>true</Cfg_5>
        <Cfg_1>true</Cfg_1>
        <Base>true</Base>
    </PropertyGroup>
    <PropertyGroup Condition="('$(Platform)'=='Win32' and '$(Cfg_3)'=='true') or '$(Cfg_3_Win32)'!=''">
        <Cfg_3_Win32>true</Cfg_3_Win32>
        <CfgParent>Cfg_3</CfgParent>
        <Cfg_3>true</Cfg_3>
        <Cfg_5>true</Cfg_5>
        <Cfg_1>true</Cfg_1>
        <Base>true</Base>
    </PropertyGroup>
    <PropertyGroup Condition="'$(Config)'=='Debug' or '$(Cfg_2)'!=''">
        <Cfg_2>true</Cfg_2>
        <CfgParent>Base</CfgParent>
        <Base>true</Base>
    </PropertyGroup>
    <PropertyGroup Condition="('$(Platform)'=='Win32' and '$(Cfg_2)'=='true') or '$(Cfg_2_Win32)'!=''">
        <Cfg_2_Win32>true</Cfg_2_Win32>
        <CfgParent>Cfg_2</CfgParent>
        <Cfg_2>true</Cfg_2>
        <Base>true</Base>
    </PropertyGroup>
    <PropertyGroup Condition="'$(Base)'!=''">
        <VerInfo_Release>0</VerInfo_Release>
        <VerInfo_MajorVer>12</VerInfo_MajorVer>
        <VerInfo_MinorVer>6</VerInfo_MinorVer>
        <VerInfo_Build>1390</VerInfo_Build>
        <VerInfo_IncludeVerInfo>true</VerInfo_IncludeVerInfo>
        <Manifest_File>$(BDS)\bin\default_app.manifest</Manifest_File>
        <PreBuildEvent><![CDATA[GetCommitID LemVersionCID COMMIT_ID
$(PreBuildEvent)]]></PreBuildEvent>
        <DCC_ImageBase>00800000</DCC_ImageBase>
        <DCC_S>false</DCC_S>
        <DCC_Namespace>Vcl;Vcl.Imaging;Vcl.Touch;Vcl.Samples;Vcl.Shell;System;Xml;Data;Datasnap;Web;Soap;Winapi;$(DCC_Namespace)</DCC_Namespace>
        <DCC_E>false</DCC_E>
        <DCC_K>false</DCC_K>
        <DCC_MaxStackSize>2097152</DCC_MaxStackSize>
        <DCC_MinStackSize>32768</DCC_MinStackSize>
        <VerInfo_Locale>1033</VerInfo_Locale>
        <DCC_UsePackage>vcl;rtl;vclx;indy;vclie;xmlrtl;inetdbbde;inet;inetdbxpress;dbrtl;soaprtl;dsnap;VclSmp;dbexpress;vcldb;dbxcds;inetdb;bdertl;vcldbx;adortl;teeui;teedb;tee;CLXIB;ibxpress;VCLIB;visualclx;visualdbclx;vclactnband;vclshlctrls;IntrawebDB_50_70;Intraweb_50_70;Rave50CLX;Rave50VCL;dclOfficeXP;$(DCC_UsePackage)</DCC_UsePackage>
        <VerInfo_Keys>CompanyName=;FileDescription=;FileVersion=12.6.0.1390;InternalName=;LegalCopyright=;LegalTrademarks=;OriginalFilename=;ProductName=;ProductVersion=12.6.0.1390;Comments=</VerInfo_Keys>
        <DCC_Optimize>false</DCC_Optimize>
        <DCC_ExeOutput>bin\</DCC_ExeOutput>
        <DCC_N>true</DCC_N>
        <DCC_DcuOutput>dcu</DCC_DcuOutput>
        <DCC_DebugInformation>1</DCC_DebugInformation>
        <DCC_SymbolReferenceInfo>0</DCC_SymbolReferenceInfo>
        <DCC_UnitSearchPath>kernel;kernel\zlib;kernel\gr32png;$(DCC_UnitSearchPath)</DCC_UnitSearchPath>
        <DCC_F>false</DCC_F>
        <SanitizedProjectName>NeoLemmix</SanitizedProjectName>
    </PropertyGroup>
    <PropertyGroup Condition="'$(Base_Win32)'!=''">
        <DCC_Namespace>System.Win;Data.Win;Datasnap.Win;Web.Win;Soap.Win;Xml.Win;Bde;$(DCC_Namespace)</DCC_Namespace>
    </PropertyGroup>
    <PropertyGroup Condition="'$(Base_Win64)'!=''">
        <Manifest_File>$(BDS)\bin\default_app.manifest</Manifest_File>
        <VerInfo_IncludeVerInfo>true</VerInfo_IncludeVerInfo>
        <DCC_Namespace>System.Win;Data.Win;Datasnap.Win;Web.Win;Soap.Win;Xml.Win;$(DCC_Namespace)</DCC_Namespace>
        <VerInfo_Locale>1033</VerInfo_Locale>
        <Icon_MainIcon>NeoLemmix_Icon.ico</Icon_MainIcon>
    </PropertyGroup>
    <PropertyGroup Condition="'$(Cfg_1)'!=''">
        <PostBuildEvent><![CDATA[xcopy data\external\* bin\ /q /s
$(PostBuildEvent)]]></PostBuildEvent>
        <PreBuildEvent><![CDATA[rmdir bin /s /q
mkdir bin
$(PreBuildEvent)]]></PreBuildEvent>
        <DCC_Define>RELEASE;$(DCC_Define)</DCC_Define>
        <DCC_DebugInformation>0</DCC_DebugInformation>
        <DCC_LocalDebugSymbols>false</DCC_LocalDebugSymbols>
    </PropertyGroup>
    <PropertyGroup Condition="'$(Cfg_1_Win32)'!=''">
        <DCC_Optimize>true</DCC_Optimize>
        <Icon_MainIcon>NeoLemmix_Icon.ico</Icon_MainIcon>
    </PropertyGroup>
    <PropertyGroup Condition="'$(Cfg_5)'!=''">
        <Icon_MainIcon>NeoLemmix_Icon.ico</Icon_MainIcon>
        <DCC_Define>exp;$(DCC_Define)</DCC_Define>
    </PropertyGroup>
    <PropertyGroup Condition="'$(Cfg_5_Win32)'!=''">
        <DCC_Optimize>true</DCC_Optimize>
    </PropertyGroup>
    <PropertyGroup Condition="'$(Cfg_3_Win32)'!=''">
        <PreBuildEvent><![CDATA[GetCommitID LemVersionCID COMMIT_ID]]></PreBuildEvent>
        <PostBuildEvent><![CDATA[]]></PostBuildEvent>
    </PropertyGroup>
    <PropertyGroup Condition="'$(Cfg_2)'!=''">
        <DCC_Define>DEBUG;exp;logging;$(DCC_Define)</DCC_Define>
        <DCC_GenerateStackFrames>true</DCC_GenerateStackFrames>
    </PropertyGroup>
    <PropertyGroup Condition="'$(Cfg_2_Win32)'!=''">
        <Icon_MainIcon>NeoLemmix_Icon.ico</Icon_MainIcon>
    </PropertyGroup>
    <ItemGroup>
        <DelphiCompile Include="$(MainSource)">
            <MainSource>MainSource</MainSource>
        </DelphiCompile>
        <DCCReference Include="FMain.pas">
            <Form>MainForm</Form>
        </DCCReference>
        <DCCReference Include="AppController.pas"/>
        <DCCReference Include="CustomPopup.pas"/>
        <DCCReference Include="FBaseDosForm.pas">
            <Form>BaseDosForm</Form>
            <FormType>dfm</FormType>
        </DCCReference>
        <DCCReference Include="FEditHotkeys.pas">
            <Form>FLemmixHotkeys</Form>
            <FormType>dfm</FormType>
        </DCCReference>
        <DCCReference Include="FEditReplay.pas">
            <Form>FReplayEditor</Form>
            <FormType>dfm</FormType>
        </DCCReference>
        <DCCReference Include="FNeoLemmixConfig.pas">
            <Form>FormNXConfig</Form>
            <FormType>dfm</FormType>
        </DCCReference>
        <DCCReference Include="FNeoLemmixLevelSelect.pas">
            <Form>FLevelSelect</Form>
            <FormType>dfm</FormType>
        </DCCReference>
        <DCCReference Include="FNeoLemmixSetup.pas">
            <Form>FNLSetup</Form>
            <FormType>dfm</FormType>
        </DCCReference>
        <DCCReference Include="GameBaseScreen.pas"/>
        <DCCReference Include="GameBaseSkillPanel.pas"/>
        <DCCReference Include="GameCommandLine.pas"/>
        <DCCReference Include="GameControl.pas"/>
        <DCCReference Include="GameMenuScreen.pas"/>
        <DCCReference Include="GamePostviewScreen.pas"/>
        <DCCReference Include="GamePreviewScreen.pas"/>
        <DCCReference Include="GameReplayCheckScreen.pas"/>
        <DCCReference Include="GameSkillPanel.pas"/>
        <DCCReference Include="GameSound.pas"/>
        <DCCReference Include="GameTalismanScreen.pas"/>
        <DCCReference Include="GameTextScreen.pas"/>
        <DCCReference Include="GameWindow.pas"/>
        <DCCReference Include="GameWindowInterface.pas"/>
        <DCCReference Include="LemAnimationSet.pas"/>
        <DCCReference Include="LemCore.pas"/>
        <DCCReference Include="LemCursor.pas"/>
        <DCCReference Include="LemDosCmp.pas"/>
        <DCCReference Include="LemDosStructures.pas"/>
        <DCCReference Include="LemGadgetAnimation.pas"/>
        <DCCReference Include="LemGadgets.pas"/>
        <DCCReference Include="LemGadgetsConstants.pas"/>
        <DCCReference Include="LemGadgetsMeta.pas"/>
        <DCCReference Include="LemGadgetsModel.pas"/>
        <DCCReference Include="LemGame.pas"/>
        <DCCReference Include="LemGameMessageQueue.pas"/>
        <DCCReference Include="LemLemming.pas"/>
        <DCCReference Include="LemLevel.pas"/>
        <DCCReference Include="LemLVLLoader.pas"/>
        <DCCReference Include="LemMetaAnimation.pas"/>
        <DCCReference Include="LemMetaTerrain.pas"/>
        <DCCReference Include="LemmixHotkeys.pas"/>
        <DCCReference Include="LemMusicSystem.pas"/>
        <DCCReference Include="LemNeoLevelPack.pas"/>
        <DCCReference Include="LemNeoOnline.pas"/>
        <DCCReference Include="LemNeoParser.pas"/>
        <DCCReference Include="LemNeoPieceManager.pas"/>
        <DCCReference Include="LemNeoTheme.pas"/>
        <DCCReference Include="LemPalette.pas"/>
        <DCCReference Include="LemPiece.pas"/>
        <DCCReference Include="LemRecolorSprites.pas"/>
        <DCCReference Include="LemRenderHelpers.pas"/>
        <DCCReference Include="LemRendering.pas"/>
        <DCCReference Include="LemReplay.pas"/>
        <DCCReference Include="LemSettings.pas"/>
        <DCCReference Include="LemSteel.pas"/>
        <DCCReference Include="LemStrings.pas"/>
        <DCCReference Include="LemSystemMessages.pas"/>
        <DCCReference Include="LemTalisman.pas"/>
        <DCCReference Include="LemTerrain.pas"/>
        <DCCReference Include="LemTerrainGroup.pas"/>
        <DCCReference Include="LemTypes.pas"/>
        <DCCReference Include="LemVersion.pas"/>
        <DCCReference Include="PngInterface.pas"/>
        <DCCReference Include="SharedGlobals.pas"/>
        <BuildConfiguration Include="Debug">
            <Key>Cfg_2</Key>
            <CfgParent>Base</CfgParent>
        </BuildConfiguration>
        <BuildConfiguration Include="Experimental Release">
            <Key>Cfg_5</Key>
            <CfgParent>Cfg_1</CfgParent>
        </BuildConfiguration>
        <BuildConfiguration Include="Exp Release Without Data">
            <Key>Cfg_3</Key>
            <CfgParent>Cfg_5</CfgParent>
        </BuildConfiguration>
        <BuildConfiguration Include="Base">
            <Key>Base</Key>
        </BuildConfiguration>
        <BuildConfiguration Include="Release">
            <Key>Cfg_1</Key>
            <CfgParent>Base</CfgParent>
        </BuildConfiguration>
    </ItemGroup>
    <ProjectExtensions>
        <Borland.Personality>Delphi.Personality.12</Borland.Personality>
        <Borland.ProjectType/>
        <BorlandProject>
            <Delphi.Personality>
                <Source>
                    <Source Name="MainSource">NeoLemmix.dpr</Source>
                </Source>
                <Excluded_Packages>
                    <Excluded_Packages Name="$(BDSBIN)\dcloffice2k200.bpl">Microsoft Office 2000 Sample Automation Server Wrapper Components</Excluded_Packages>
                    <Excluded_Packages Name="$(BDSBIN)\dclofficexp200.bpl">Microsoft Office XP Sample Automation Server Wrapper Components</Excluded_Packages>
                </Excluded_Packages>
            </Delphi.Personality>
            <Platforms>
                <Platform value="Win32">True</Platform>
                <Platform value="Win64">False</Platform>
            </Platforms>
            <ModelSupport>False</ModelSupport>
        </BorlandProject>
        <ProjectFileVersion>12</ProjectFileVersion>
    </ProjectExtensions>
    <Import Project="$(BDS)\Bin\CodeGear.Delphi.Targets" Condition="Exists('$(BDS)\Bin\CodeGear.Delphi.Targets')"/>
    <Import Project="$(APPDATA)\Embarcadero\$(BDSAPPDATABASEDIR)\$(PRODUCTVERSION)\UserTools.proj" Condition="Exists('$(APPDATA)\Embarcadero\$(BDSAPPDATABASEDIR)\$(PRODUCTVERSION)\UserTools.proj')"/>
    <PropertyGroup Condition="'$(Config)'=='Release' And '$(Platform)'=='Win32'">
        <PreBuildEvent>rmdir bin /s /q
&amp;&amp;mkdir bin
&amp;&amp;GetCommitID LemVersionCID COMMIT_ID
</PreBuildEvent>
        <PreBuildEventIgnoreExitCode>False</PreBuildEventIgnoreExitCode>
        <PreLinkEvent/>
        <PreLinkEventIgnoreExitCode>False</PreLinkEventIgnoreExitCode>
        <PostBuildEvent>xcopy data\external\* bin\ /q /s
</PostBuildEvent>
        <PostBuildEventIgnoreExitCode>False</PostBuildEventIgnoreExitCode>
    </PropertyGroup>
    <PropertyGroup Condition="'$(Config)'=='Release' And '$(Platform)'=='Win64'">
        <PreBuildEvent>rmdir bin /s /q
&amp;&amp;mkdir bin
&amp;&amp;GetCommitID LemVersionCID COMMIT_ID
</PreBuildEvent>
        <PreBuildEventIgnoreExitCode>False</PreBuildEventIgnoreExitCode>
        <PreLinkEvent/>
        <PreLinkEventIgnoreExitCode>False</PreLinkEventIgnoreExitCode>
        <PostBuildEvent>xcopy data\external\* bin\ /q /s
</PostBuildEvent>
        <PostBuildEventIgnoreExitCode>False</PostBuildEventIgnoreExitCode>
    </PropertyGroup>
    <PropertyGroup Condition="'$(Config)'=='Experimental Release' And '$(Platform)'=='Win32'">
        <PreBuildEvent>rmdir bin /s /q
&amp;&amp;mkdir bin
&amp;&amp;GetCommitID LemVersionCID COMMIT_ID
</PreBuildEvent>
        <PreBuildEventIgnoreExitCode>False</PreBuildEventIgnoreExitCode>
        <PreLinkEvent/>
        <PreLinkEventIgnoreExitCode>False</PreLinkEventIgnoreExitCode>
        <PostBuildEvent>xcopy data\external\* bin\ /q /s
</PostBuildEvent>
        <PostBuildEventIgnoreExitCode>False</PostBuildEventIgnoreExitCode>
    </PropertyGroup>
    <PropertyGroup Condition="'$(Config)'=='Experimental Release' And '$(Platform)'=='Win64'">
        <PreBuildEvent>rmdir bin /s /q
&amp;&amp;mkdir bin
&amp;&amp;GetCommitID LemVersionCID COMMIT_ID
</PreBuildEvent>
        <PreBuildEventIgnoreExitCode>False</PreBuildEventIgnoreExitCode>
        <PreLinkEvent/>
        <PreLinkEventIgnoreExitCode>False</PreLinkEventIgnoreExitCode>
        <PostBuildEvent>xcopy data\external\* bin\ /q /s
</PostBuildEvent>
        <PostBuildEventIgnoreExitCode>False</PostBuildEventIgnoreExitCode>
    </PropertyGroup>
    <PropertyGroup Condition="'$(Config)'=='Exp Release Without Data' And '$(Platform)'=='Win32'">
        <PreBuildEvent>GetCommitID LemVersionCID COMMIT_ID</PreBuildEvent>
        <PreBuildEventIgnoreExitCode>False</PreBuildEventIgnoreExitCode>
        <PreLinkEvent/>
        <PreLinkEventIgnoreExitCode>False</PreLinkEventIgnoreExitCode>
        <PostBuildEvent/>
        <PostBuildEventIgnoreExitCode>False</PostBuildEventIgnoreExitCode>
    </PropertyGroup>
    <PropertyGroup Condition="'$(Config)'=='Exp Release Without Data' And '$(Platform)'=='Win64'">
        <PreBuildEvent>rmdir bin /s /q
&amp;&amp;mkdir bin
&amp;&amp;GetCommitID LemVersionCID COMMIT_ID
</PreBuildEvent>
        <PreBuildEventIgnoreExitCode>False</PreBuildEventIgnoreExitCode>
        <PreLinkEvent/>
        <PreLinkEventIgnoreExitCode>False</PreLinkEventIgnoreExitCode>
        <PostBuildEvent>xcopy data\external\* bin\ /q /s
</PostBuildEvent>
        <PostBuildEventIgnoreExitCode>False</PostBuildEventIgnoreExitCode>
    </PropertyGroup>
    <PropertyGroup Condition="'$(Config)'=='Debug' And '$(Platform)'=='Win32'">
        <PreBuildEvent>GetCommitID LemVersionCID COMMIT_ID
</PreBuildEvent>
        <PreBuildEventIgnoreExitCode>False</PreBuildEventIgnoreExitCode>
        <PreLinkEvent/>
        <PreLinkEventIgnoreExitCode>False</PreLinkEventIgnoreExitCode>
        <PostBuildEvent/>
        <PostBuildEventIgnoreExitCode>False</PostBuildEventIgnoreExitCode>
    </PropertyGroup>
    <PropertyGroup Condition="'$(Config)'=='Debug' And '$(Platform)'=='Win64'">
        <PreBuildEvent>GetCommitID LemVersionCID COMMIT_ID
</PreBuildEvent>
        <PreBuildEventIgnoreExitCode>False</PreBuildEventIgnoreExitCode>
        <PreLinkEvent/>
        <PreLinkEventIgnoreExitCode>False</PreLinkEventIgnoreExitCode>
        <PostBuildEvent/>
        <PostBuildEventIgnoreExitCode>False</PostBuildEventIgnoreExitCode>
    </PropertyGroup>
</Project>
